Microsoft Visual Studio Solution File, Format Version 12.00
# Visual Studio Version 17
VisualStudioVersion = 17.5.2.0
MinimumVisualStudioVersion = 10.0.40219.1
Project("{FAE04EC0-301F-11D3-BF4B-00C04F79EFBC}") = "RapidOCRConsole", "RapidOCRConsole\RapidOCRConsole.csproj", "{5AD9AD2E-BD83-DCF6-0C54-DA2672BF7CAA}"
EndProject
Project("{FAE04EC0-301F-11D3-BF4B-00C04F79EFBC}") = "RapidOCRLib", "RapidOCRLib\RapidOCRLib.csproj", "{29AA61BC-30C8-D09E-2E6B-1340F34E6087}"
EndProject
Project("{FAE04EC0-301F-11D3-BF4B-00C04F79EFBC}") = "RapidOCRWinform", "RapidOCRWinform\RapidOCRWinform.csproj", "{176EE18A-4E1E-2FAC-B445-A12D20E19F7C}"
EndProject
Global
	GlobalSection(SolutionConfigurationPlatforms) = preSolution
		Debug|Any CPU = Debug|Any CPU
		Release|Any CPU = Release|Any CPU
	EndGlobalSection
	GlobalSection(ProjectConfigurationPlatforms) = postSolution
		{5AD9AD2E-BD83-DCF6-0C54-DA2672BF7CAA}.Debug|Any CPU.ActiveCfg = Debug|Any CPU
		{5AD9AD2E-BD83-DCF6-0C54-DA2672BF7CAA}.Debug|Any CPU.Build.0 = Debug|Any CPU
		{5AD9AD2E-BD83-DCF6-0C54-DA2672BF7CAA}.Release|Any CPU.ActiveCfg = Release|Any CPU
		{5AD9AD2E-BD83-DCF6-0C54-DA2672BF7CAA}.Release|Any CPU.Build.0 = Release|Any CPU
		{29AA61BC-30C8-D09E-2E6B-1340F34E6087}.Debug|Any CPU.ActiveCfg = Debug|Any CPU
		{29AA61BC-30C8-D09E-2E6B-1340F34E6087}.Debug|Any CPU.Build.0 = Debug|Any CPU
		{29AA61BC-30C8-D09E-2E6B-1340F34E6087}.Release|Any CPU.ActiveCfg = Release|Any CPU
		{29AA61BC-30C8-D09E-2E6B-1340F34E6087}.Release|Any CPU.Build.0 = Release|Any CPU
		{176EE18A-4E1E-2FAC-B445-A12D20E19F7C}.Debug|Any CPU.ActiveCfg = Debug|Any CPU
		{176EE18A-4E1E-2FAC-B445-A12D20E19F7C}.Debug|Any CPU.Build.0 = Debug|Any CPU
		{176EE18A-4E1E-2FAC-B445-A12D20E19F7C}.Release|Any CPU.ActiveCfg = Release|Any CPU
		{176EE18A-4E1E-2FAC-B445-A12D20E19F7C}.Release|Any CPU.Build.0 = Release|Any CPU
	EndGlobalSection
	GlobalSection(SolutionProperties) = preSolution
		HideSolutionNode = FALSE
	EndGlobalSection
	GlobalSection(ExtensibilityGlobals) = postSolution
		SolutionGuid = {35B368E0-1B60-4BBB-BED0-FBB7BD4160CC}
	EndGlobalSection
EndGlobal
